
Microsoft Visual Studio Solution File, Format Version 12.00
# Visual Studio Version 17
VisualStudioVersion = 17.11.35327.3
MinimumVisualStudioVersion = 10.0.40219.1
Project("{FAE04EC0-301F-11D3-BF4B-00C04F79EFBC}") = "ProductInfoService.API", "ProductInfoService.API\ProductInfoService.API.csproj", "{4E9DA187-8E43-491F-A031-60C6CA76813A}"
EndProject
Global
	GlobalSection(SolutionConfigurationPlatforms) = preSolution
		Debug|Any CPU = Debug|Any CPU
		Release|Any CPU = Release|Any CPU
	EndGlobalSection
	GlobalSection(ProjectConfigurationPlatforms) = postSolution
		{4E9DA187-8E43-491F-A031-60C6CA76813A}.Debug|Any CPU.ActiveCfg = Debug|Any CPU
		{4E9DA187-8E43-491F-A031-60C6CA76813A}.Debug|Any CPU.Build.0 = Debug|Any CPU
		{4E9DA187-8E43-491F-A031-60C6CA76813A}.Release|Any CPU.ActiveCfg = Release|Any CPU
		{4E9DA187-8E43-491F-A031-60C6CA76813A}.Release|Any CPU.Build.0 = Release|Any CPU
	EndGlobalSection
	GlobalSection(SolutionProperties) = preSolution
		HideSolutionNode = FALSE
	EndGlobalSection
	GlobalSection(ExtensibilityGlobals) = postSolution
		SolutionGuid = {E131B5BB-1726-427D-A36D-8979544C098C}
	EndGlobalSection
EndGlobal
